<Project xmlns="http://schemas.microsoft.com/developer/msbuild/2003">
    <PropertyGroup>
        <ProjectGuid>{C421305F-895A-48C2-AE82-CCFCEEB5703B}</ProjectGuid>
        <ProjectVersion>14.4</ProjectVersion>
        <FrameworkType>VCL</FrameworkType>
        <MainSource>TesteThread.dpr</MainSource>
        <Base>True</Base>
        <Config Condition="'$(Config)'==''">Debug</Config>
        <Platform Condition="'$(Platform)'==''">Win32</Platform>
        <TargetedPlatforms>1</TargetedPlatforms>
        <AppType>Application</AppType>
    </PropertyGroup>
    <PropertyGroup Condition="'$(Config)'=='Base' or '$(Base)'!=''">
        <Base>true</Base>
    </PropertyGroup>
    <PropertyGroup Condition="('$(Platform)'=='Win32' and '$(Base)'=='true') or '$(Base_Win32)'!=''">
        <Base_Win32>true</Base_Win32>
        <CfgParent>Base</CfgParent>
        <Base>true</Base>
    </PropertyGroup>
    <PropertyGroup Condition="('$(Platform)'=='Win64' and '$(Base)'=='true') or '$(Base_Win64)'!=''">
        <Base_Win64>true</Base_Win64>
        <CfgParent>Base</CfgParent>
        <Base>true</Base>
    </PropertyGroup>
    <PropertyGroup Condition="'$(Config)'=='Debug' or '$(Cfg_1)'!=''">
        <Cfg_1>true</Cfg_1>
        <CfgParent>Base</CfgParent>
        <Base>true</Base>
    </PropertyGroup>
    <PropertyGroup Condition="('$(Platform)'=='Win32' and '$(Cfg_1)'=='true') or '$(Cfg_1_Win32)'!=''">
        <Cfg_1_Win32>true</Cfg_1_Win32>
        <CfgParent>Cfg_1</CfgParent>
        <Cfg_1>true</Cfg_1>
        <Base>true</Base>
    </PropertyGroup>
    <PropertyGroup Condition="'$(Config)'=='Release' or '$(Cfg_2)'!=''">
        <Cfg_2>true</Cfg_2>
        <CfgParent>Base</CfgParent>
        <Base>true</Base>
    </PropertyGroup>
    <PropertyGroup Condition="'$(Base)'!=''">
        <DCC_Namespace>System;Xml;Data;Datasnap;Web;Soap;Vcl;Vcl.Imaging;Vcl.Touch;Vcl.Samples;Vcl.Shell;$(DCC_Namespace)</DCC_Namespace>
        <Icon_MainIcon>$(BDS)\bin\delphi_PROJECTICON.ico</Icon_MainIcon>
        <DCC_DcuOutput>.\$(Platform)\$(Config)</DCC_DcuOutput>
        <DCC_ExeOutput>.\$(Platform)\$(Config)</DCC_ExeOutput>
        <DCC_E>false</DCC_E>
        <DCC_N>false</DCC_N>
        <DCC_S>false</DCC_S>
        <DCC_F>false</DCC_F>
        <DCC_K>false</DCC_K>
    </PropertyGroup>
    <PropertyGroup Condition="'$(Base_Win32)'!=''">
        <VerInfo_Locale>1033</VerInfo_Locale>
        <VerInfo_IncludeVerInfo>true</VerInfo_IncludeVerInfo>
        <DCC_UsePackage>JvGlobus;JvMM;JvManagedThreads;tmsexdxe3;dac170;ACBr_GNRE;JvCrypt;DBXInterBaseDriver;DataSnapServer;DataSnapCommon;ACBre_Social;ACBr_BlocoX;JvNet;officeXPrt;JvDotNetCtrls;DbxCommonDriver;vclimg;ACBr_NF3e;dbxcds;ACBr_Comum;DatasnapConnectorsFreePascal;ACBr_GTIN;JvXPCtrls;frxIBX17;vcldb;ACBr_OpenDelivery;ACBr_SATExtratoESCPOS;ACBr_PagFor;CustomIPTransport;dsnap;IndyIPServer;ACBr_MDFe;unidac170;IndyCore;CloudService;AnyDAC_PhysDb2_D17;frxDB17;ACBr_SAT;JvDB;JvRuntimeDesign;ipstudiowinwordxp;ACBr_Ponto;JclDeveloperTools;unidacfmx170;ACBR_DeSTDA;ACBr_BoletoFPDF;TeeGL917;ACBr_SEF2;fs17;bindcompfmx;ACBr_PAF;vcldbx;dbrtl;ACBr_PAFNFCe;bindcomp;inetdb;JvPluginSystem;ACBr_NFe;DBXOdbcDriver;vquery170;JvCmp;JvTimeFramework;xmlrtl;ibxpress;Hcn698;tmsdxe3;vclactnband;bindengine;soaprtl;TeeQR917;fsADO17;bindcompvcl;ACBr_BPe;F1Book;Jcl;vclie;frxADO17;aurelius;ACBr_TEFD;ACBr_Integrador;AnyDAC_PhysADS_D17;EmbeddedWebBrowser_XE3;AnyDAC_PhysIB_D17;vclZipForged17;DBXInformixDriver;Intraweb;ipstudiowinclient;dsnapcon;DBXFirebirdDriver;inet;fsDB17;JvPascalInterpreter;vclx;ACBr_SPEDImportar;DBXSybaseASADriver;tmsxlsdxe3;crcontrols170;btrinfop;CEF4DelphiFMXRTL;dbexpress;JvBDE;IndyIPClient;ACBr_Convenio115;AnyDAC_PhysMySQL_D17;ACBr_OFX;ACBr_LCDPR;DBXSqliteDriver;ACBr_EDI;fmx;ACBr_Diversos;IndySystem;JvDlgs;ACBr_CIOT;vclib;inetdbbde;DataSnapClient;ACBr_NFeDanfeESCPOS;BTRTITAN;DataSnapProviderClient;DBXSybaseASEDriver;AnyDAC_PhysMSAcc_D17;RtmRxBDE170;MetropolisUILiveTile;ACBr_ONE;BSETITAN;ACBr_BPeDabpeESCPOS;TeeUI917;fsBDE17;AnyDAC_PhysSQLITE_D17;vcldsnap;dacvcl170;DBXDb2Driver;AnyDAC_ComI_D17;DBXOracleDriver;AnyDAC_PhysMSSQL_D17;JvCore;ACBr_Serial;ACBr_SPED;TPDF;vclribbon;ACBr_DebitoAutomatico;TeeDB917;AnyDAC_PhysODBC_D17;fmxase;vcl;TeeLanguage917;AnyDAC_Comp_D17;AnyDAC_PhysPg_D17;IndyIPCommon;DBXMSSQLDriver;CodeSiteExpressPkg;ACBr_NF3eDANF3eESCPOS;ACBr_Boleto;tmswizdxe3;ACBr_Sintegra;JvAppFrm;TeeWorld917;fsIBX17;AnyDAC_PhysASA_D17;inetdbxpress;webdsnap;ACBr_NFSe;ACBr_LFD;AnyDAC_PhysOracle_D17;PhoenixTitan;JvDocking;adortl;JvWizards;ACBr_TCP;RtmRxCtl170;JvHMI;frx17;TeeMaker117;AnyDAC_GUIxForms_D17;frxDBX17;ACBr_NFSeX;JvBands;rtl;DbxClientDriver;AnyDAC_PhysTDBX_D17;ACBr_MTER;JclContainers;ACBr_CTe;TeePro917;ACBr_ANe;CoolTrayIcon_XE3;JvSystem;ACBr_NFCeECFVirtual;svnui;JvControls;IndyProtocols;DBXMySQLDriver;bindcompdbx;JvJans;JvPrintPreview;JvPageComps;JvStdCtrls;JvCustom;ACBr_OpenSSL;vcltouch;Phoenix;ACBr_Reinf;websnap;ACBr_ADRCST;ACBr_SATWS;VclSmp;CEF4DelphiVCLRTL;ACBr_PIXCD;DataSnapConnectors;ACBr_SATECFVirtual;AnyDAC_Phys_D17;dacfmx170;fmxobj;JclVcl;unidacvcl170;frxe17;svn;fmxdae;TeeImage917;bdertl;Tee917;frxBDE17;tmsbcl;RtmRxDB170;ACBr_NFeDanfeFPDF;DataSnapIndy10ServerTransport;$(DCC_UsePackage)</DCC_UsePackage>
        <VerInfo_Keys>CompanyName=;FileDescription=;FileVersion=1.0.0.0;InternalName=;LegalCopyright=;LegalTrademarks=;OriginalFilename=;ProductName=;ProductVersion=1.0.0.0;Comments=</VerInfo_Keys>
        <DCC_Namespace>Winapi;System.Win;Data.Win;Datasnap.Win;Web.Win;Soap.Win;Xml.Win;Bde;$(DCC_Namespace)</DCC_Namespace>
        <Manifest_File>$(BDS)\bin\default_app.manifest</Manifest_File>
    </PropertyGroup>
    <PropertyGroup Condition="'$(Base_Win64)'!=''">
        <DCC_UsePackage>tmsexdxe3;DBXInterBaseDriver;DataSnapServer;DataSnapCommon;officeXPrt;DbxCommonDriver;vclimg;dbxcds;DatasnapConnectorsFreePascal;vcldb;CustomIPTransport;dsnap;IndyIPServer;IndyCore;AnyDAC_PhysDb2_D17;bindcompfmx;dbrtl;bindcomp;inetdb;DBXOdbcDriver;xmlrtl;ibxpress;tmsdxe3;vclactnband;bindengine;soaprtl;bindcompvcl;vclie;aurelius;AnyDAC_PhysADS_D17;AnyDAC_PhysIB_D17;DBXInformixDriver;ipstudiowinclient;dsnapcon;DBXFirebirdDriver;inet;vclx;DBXSybaseASADriver;tmsxlsdxe3;CEF4DelphiFMXRTL;dbexpress;IndyIPClient;AnyDAC_PhysMySQL_D17;DBXSqliteDriver;fmx;IndySystem;vclib;DataSnapClient;DataSnapProviderClient;DBXSybaseASEDriver;AnyDAC_PhysMSAcc_D17;AnyDAC_PhysSQLITE_D17;vcldsnap;DBXDb2Driver;AnyDAC_ComI_D17;DBXOracleDriver;AnyDAC_PhysMSSQL_D17;AnyDAC_PhysODBC_D17;fmxase;vcl;AnyDAC_Comp_D17;AnyDAC_PhysPg_D17;IndyIPCommon;DBXMSSQLDriver;AnyDAC_PhysASA_D17;inetdbxpress;webdsnap;AnyDAC_PhysOracle_D17;adortl;AnyDAC_GUIxForms_D17;rtl;DbxClientDriver;AnyDAC_PhysTDBX_D17;IndyProtocols;DBXMySQLDriver;bindcompdbx;vcltouch;websnap;VclSmp;CEF4DelphiVCLRTL;DataSnapConnectors;AnyDAC_Phys_D17;fmxobj;fmxdae;tmsbcl;DataSnapIndy10ServerTransport;$(DCC_UsePackage)</DCC_UsePackage>
    </PropertyGroup>
    <PropertyGroup Condition="'$(Cfg_1)'!=''">
        <DCC_Define>DEBUG;$(DCC_Define)</DCC_Define>
        <DCC_DebugDCUs>true</DCC_DebugDCUs>
        <DCC_Optimize>false</DCC_Optimize>
        <DCC_GenerateStackFrames>true</DCC_GenerateStackFrames>
        <DCC_DebugInfoInExe>true</DCC_DebugInfoInExe>
        <DCC_RemoteDebug>true</DCC_RemoteDebug>
    </PropertyGroup>
    <PropertyGroup Condition="'$(Cfg_1_Win32)'!=''">
        <DCC_RemoteDebug>false</DCC_RemoteDebug>
    </PropertyGroup>
    <PropertyGroup Condition="'$(Cfg_2)'!=''">
        <DCC_LocalDebugSymbols>false</DCC_LocalDebugSymbols>
        <DCC_Define>RELEASE;$(DCC_Define)</DCC_Define>
        <DCC_SymbolReferenceInfo>0</DCC_SymbolReferenceInfo>
        <DCC_DebugInformation>false</DCC_DebugInformation>
    </PropertyGroup>
    <ItemGroup>
        <DelphiCompile Include="$(MainSource)">
            <MainSource>MainSource</MainSource>
        </DelphiCompile>
        <DCCReference Include="uPrincipal.pas">
            <Form>frmPrincipal</Form>
            <FormType>dfm</FormType>
        </DCCReference>
        <BuildConfiguration Include="Release">
            <Key>Cfg_2</Key>
            <CfgParent>Base</CfgParent>
        </BuildConfiguration>
        <BuildConfiguration Include="Base">
            <Key>Base</Key>
        </BuildConfiguration>
        <BuildConfiguration Include="Debug">
            <Key>Cfg_1</Key>
            <CfgParent>Base</CfgParent>
        </BuildConfiguration>
    </ItemGroup>
    <ProjectExtensions>
        <Borland.Personality>Delphi.Personality.12</Borland.Personality>
        <Borland.ProjectType/>
        <BorlandProject>
            <Delphi.Personality>
                <Source>
                    <Source Name="MainSource">TesteThread.dpr</Source>
                </Source>
                <VersionInfo>
                    <VersionInfo Name="IncludeVerInfo">False</VersionInfo>
                    <VersionInfo Name="AutoIncBuild">False</VersionInfo>
                    <VersionInfo Name="MajorVer">1</VersionInfo>
                    <VersionInfo Name="MinorVer">0</VersionInfo>
                    <VersionInfo Name="Release">0</VersionInfo>
                    <VersionInfo Name="Build">0</VersionInfo>
                    <VersionInfo Name="Debug">False</VersionInfo>
                    <VersionInfo Name="PreRelease">False</VersionInfo>
                    <VersionInfo Name="Special">False</VersionInfo>
                    <VersionInfo Name="Private">False</VersionInfo>
                    <VersionInfo Name="DLL">False</VersionInfo>
                    <VersionInfo Name="Locale">1046</VersionInfo>
                    <VersionInfo Name="CodePage">1252</VersionInfo>
                </VersionInfo>
                <VersionInfoKeys>
                    <VersionInfoKeys Name="CompanyName"/>
                    <VersionInfoKeys Name="FileDescription"/>
                    <VersionInfoKeys Name="FileVersion">1.0.0.0</VersionInfoKeys>
                    <VersionInfoKeys Name="InternalName"/>
                    <VersionInfoKeys Name="LegalCopyright"/>
                    <VersionInfoKeys Name="LegalTrademarks"/>
                    <VersionInfoKeys Name="OriginalFilename"/>
                    <VersionInfoKeys Name="ProductName"/>
                    <VersionInfoKeys Name="ProductVersion">1.0.0.0</VersionInfoKeys>
                    <VersionInfoKeys Name="Comments"/>
                    <VersionInfoKeys Name="CFBundleName"/>
                    <VersionInfoKeys Name="CFBundleDisplayName"/>
                    <VersionInfoKeys Name="CFBundleIdentifier"/>
                    <VersionInfoKeys Name="CFBundleVersion"/>
                    <VersionInfoKeys Name="CFBundlePackageType"/>
                    <VersionInfoKeys Name="CFBundleSignature"/>
                    <VersionInfoKeys Name="CFBundleAllowMixedLocalizations"/>
                    <VersionInfoKeys Name="CFBundleExecutable"/>
                </VersionInfoKeys>
            </Delphi.Personality>
            <Deployment/>
            <Platforms>
                <Platform value="Win32">True</Platform>
                <Platform value="Win64">False</Platform>
            </Platforms>
        </BorlandProject>
        <ProjectFileVersion>12</ProjectFileVersion>
    </ProjectExtensions>
    <Import Project="$(BDS)\Bin\CodeGear.Delphi.Targets" Condition="Exists('$(BDS)\Bin\CodeGear.Delphi.Targets')"/>
    <Import Project="$(APPDATA)\Embarcadero\$(BDSAPPDATABASEDIR)\$(PRODUCTVERSION)\UserTools.proj" Condition="Exists('$(APPDATA)\Embarcadero\$(BDSAPPDATABASEDIR)\$(PRODUCTVERSION)\UserTools.proj')"/>
</Project>
